
Microsoft Visual Studio Solution File, Format Version 12.00
# Visual Studio 15
VisualStudioVersion = 15.0.28010.2036
MinimumVisualStudioVersion = 10.0.40219.1
Project("{FAE04EC0-301F-11D3-BF4B-00C04F79EFBC}") = "oop10", "oop10\oop10.csproj", "{B2B5F9A4-6B99-4A27-9700-AF4625FFD530}"
EndProject
Global
	GlobalSection(SolutionConfigurationPlatforms) = preSolution
		Debug|Any CPU = Debug|Any CPU
		Release|Any CPU = Release|Any CPU
	EndGlobalSection
	GlobalSection(ProjectConfigurationPlatforms) = postSolution
		{B2B5F9A4-6B99-4A27-9700-AF4625FFD530}.Debug|Any CPU.ActiveCfg = Debug|Any CPU
		{B2B5F9A4-6B99-4A27-9700-AF4625FFD530}.Debug|Any CPU.Build.0 = Debug|Any CPU
		{B2B5F9A4-6B99-4A27-9700-AF4625FFD530}.Release|Any CPU.ActiveCfg = Release|Any CPU
		{B2B5F9A4-6B99-4A27-9700-AF4625FFD530}.Release|Any CPU.Build.0 = Release|Any CPU
	EndGlobalSection
	GlobalSection(SolutionProperties) = preSolution
		HideSolutionNode = FALSE
	EndGlobalSection
	GlobalSection(ExtensibilityGlobals) = postSolution
		SolutionGuid = {26201DB9-3ADB-4EE8-9C66-7EFB5CD5B3F5}
	EndGlobalSection
EndGlobal
