
Microsoft Visual Studio Solution File, Format Version 12.00
# Visual Studio 15
VisualStudioVersion = 15.0.26730.15
MinimumVisualStudioVersion = 10.0.40219.1
Project("{8BC9CEB8-8B4A-11D0-8D11-00A0C91BC942}") = "lab7.1", "lab7.1\lab7.1.vcxproj", "{B39263D7-8DC5-4F2F-A4D2-8FC2E18A71EB}"
EndProject
Global
	GlobalSection(SolutionConfigurationPlatforms) = preSolution
		Debug|x64 = Debug|x64
		Debug|x86 = Debug|x86
		Release|x64 = Release|x64
		Release|x86 = Release|x86
	EndGlobalSection
	GlobalSection(ProjectConfigurationPlatforms) = postSolution
		{B39263D7-8DC5-4F2F-A4D2-8FC2E18A71EB}.Debug|x64.ActiveCfg = Debug|x64
		{B39263D7-8DC5-4F2F-A4D2-8FC2E18A71EB}.Debug|x64.Build.0 = Debug|x64
		{B39263D7-8DC5-4F2F-A4D2-8FC2E18A71EB}.Debug|x86.ActiveCfg = Debug|Win32
		{B39263D7-8DC5-4F2F-A4D2-8FC2E18A71EB}.Debug|x86.Build.0 = Debug|Win32
		{B39263D7-8DC5-4F2F-A4D2-8FC2E18A71EB}.Release|x64.ActiveCfg = Release|x64
		{B39263D7-8DC5-4F2F-A4D2-8FC2E18A71EB}.Release|x64.Build.0 = Release|x64
		{B39263D7-8DC5-4F2F-A4D2-8FC2E18A71EB}.Release|x86.ActiveCfg = Release|Win32
		{B39263D7-8DC5-4F2F-A4D2-8FC2E18A71EB}.Release|x86.Build.0 = Release|Win32
	EndGlobalSection
	GlobalSection(SolutionProperties) = preSolution
		HideSolutionNode = FALSE
	EndGlobalSection
	GlobalSection(ExtensibilityGlobals) = postSolution
		SolutionGuid = {59021745-E0EB-456E-A199-294A98D4D868}
	EndGlobalSection
EndGlobal
