
Microsoft Visual Studio Solution File, Format Version 12.00
# Visual Studio 15
VisualStudioVersion = 15.0.27703.2042
MinimumVisualStudioVersion = 10.0.40219.1
Project("{FAE04EC0-301F-11D3-BF4B-00C04F79EFBC}") = "ConsoleApp13", "ConsoleApp13\ConsoleApp13.csproj", "{E992EA5E-D344-4CCE-9E84-0C225609A5F1}"
EndProject
Global
	GlobalSection(SolutionConfigurationPlatforms) = preSolution
		Debug|Any CPU = Debug|Any CPU
		Release|Any CPU = Release|Any CPU
	EndGlobalSection
	GlobalSection(ProjectConfigurationPlatforms) = postSolution
		{E992EA5E-D344-4CCE-9E84-0C225609A5F1}.Debug|Any CPU.ActiveCfg = Debug|Any CPU
		{E992EA5E-D344-4CCE-9E84-0C225609A5F1}.Debug|Any CPU.Build.0 = Debug|Any CPU
		{E992EA5E-D344-4CCE-9E84-0C225609A5F1}.Release|Any CPU.ActiveCfg = Release|Any CPU
		{E992EA5E-D344-4CCE-9E84-0C225609A5F1}.Release|Any CPU.Build.0 = Release|Any CPU
	EndGlobalSection
	GlobalSection(SolutionProperties) = preSolution
		HideSolutionNode = FALSE
	EndGlobalSection
	GlobalSection(ExtensibilityGlobals) = postSolution
		SolutionGuid = {E7074248-0572-46CC-84FB-978AC0A6C903}
	EndGlobalSection
EndGlobal
