
Microsoft Visual Studio Solution File, Format Version 12.00
# Visual Studio 15
VisualStudioVersion = 15.0.28010.2036
MinimumVisualStudioVersion = 10.0.40219.1
Project("{FAE04EC0-301F-11D3-BF4B-00C04F79EFBC}") = "oop3", "oop3\oop3.csproj", "{8AE34DA7-8D4F-4BCA-B540-459B3C740008}"
EndProject
Global
	GlobalSection(SolutionConfigurationPlatforms) = preSolution
		Debug|Any CPU = Debug|Any CPU
		Release|Any CPU = Release|Any CPU
	EndGlobalSection
	GlobalSection(ProjectConfigurationPlatforms) = postSolution
		{8AE34DA7-8D4F-4BCA-B540-459B3C740008}.Debug|Any CPU.ActiveCfg = Debug|Any CPU
		{8AE34DA7-8D4F-4BCA-B540-459B3C740008}.Debug|Any CPU.Build.0 = Debug|Any CPU
		{8AE34DA7-8D4F-4BCA-B540-459B3C740008}.Release|Any CPU.ActiveCfg = Release|Any CPU
		{8AE34DA7-8D4F-4BCA-B540-459B3C740008}.Release|Any CPU.Build.0 = Release|Any CPU
	EndGlobalSection
	GlobalSection(SolutionProperties) = preSolution
		HideSolutionNode = FALSE
	EndGlobalSection
	GlobalSection(ExtensibilityGlobals) = postSolution
		SolutionGuid = {41BA07C5-67F5-4E3C-B0DF-5F51AB1231A5}
	EndGlobalSection
EndGlobal
