
Microsoft Visual Studio Solution File, Format Version 12.00
# Visual Studio 15
VisualStudioVersion = 15.0.28010.2036
MinimumVisualStudioVersion = 10.0.40219.1
Project("{FAE04EC0-301F-11D3-BF4B-00C04F79EFBC}") = "oop11", "oop11\oop11.csproj", "{E5A3C895-624A-48F8-B926-FEAB56B0FE29}"
EndProject
Global
	GlobalSection(SolutionConfigurationPlatforms) = preSolution
		Debug|Any CPU = Debug|Any CPU
		Release|Any CPU = Release|Any CPU
	EndGlobalSection
	GlobalSection(ProjectConfigurationPlatforms) = postSolution
		{E5A3C895-624A-48F8-B926-FEAB56B0FE29}.Debug|Any CPU.ActiveCfg = Debug|Any CPU
		{E5A3C895-624A-48F8-B926-FEAB56B0FE29}.Debug|Any CPU.Build.0 = Debug|Any CPU
		{E5A3C895-624A-48F8-B926-FEAB56B0FE29}.Release|Any CPU.ActiveCfg = Release|Any CPU
		{E5A3C895-624A-48F8-B926-FEAB56B0FE29}.Release|Any CPU.Build.0 = Release|Any CPU
	EndGlobalSection
	GlobalSection(SolutionProperties) = preSolution
		HideSolutionNode = FALSE
	EndGlobalSection
	GlobalSection(ExtensibilityGlobals) = postSolution
		SolutionGuid = {1C4674B6-AD08-434E-8FFF-A2FDFD706741}
	EndGlobalSection
EndGlobal
