
Microsoft Visual Studio Solution File, Format Version 12.00
# Visual Studio 15
VisualStudioVersion = 15.0.26730.15
MinimumVisualStudioVersion = 10.0.40219.1
Project("{8BC9CEB8-8B4A-11D0-8D11-00A0C91BC942}") = "lab8", "lab8\lab8.vcxproj", "{D754407B-0F5C-4BC8-B667-3498AB99A415}"
EndProject
Global
	GlobalSection(SolutionConfigurationPlatforms) = preSolution
		Debug|x64 = Debug|x64
		Debug|x86 = Debug|x86
		Release|x64 = Release|x64
		Release|x86 = Release|x86
	EndGlobalSection
	GlobalSection(ProjectConfigurationPlatforms) = postSolution
		{D754407B-0F5C-4BC8-B667-3498AB99A415}.Debug|x64.ActiveCfg = Debug|x64
		{D754407B-0F5C-4BC8-B667-3498AB99A415}.Debug|x64.Build.0 = Debug|x64
		{D754407B-0F5C-4BC8-B667-3498AB99A415}.Debug|x86.ActiveCfg = Debug|Win32
		{D754407B-0F5C-4BC8-B667-3498AB99A415}.Debug|x86.Build.0 = Debug|Win32
		{D754407B-0F5C-4BC8-B667-3498AB99A415}.Release|x64.ActiveCfg = Release|x64
		{D754407B-0F5C-4BC8-B667-3498AB99A415}.Release|x64.Build.0 = Release|x64
		{D754407B-0F5C-4BC8-B667-3498AB99A415}.Release|x86.ActiveCfg = Release|Win32
		{D754407B-0F5C-4BC8-B667-3498AB99A415}.Release|x86.Build.0 = Release|Win32
	EndGlobalSection
	GlobalSection(SolutionProperties) = preSolution
		HideSolutionNode = FALSE
	EndGlobalSection
	GlobalSection(ExtensibilityGlobals) = postSolution
		SolutionGuid = {DACA9B62-0731-4A6B-ACEE-C877DD0A2224}
	EndGlobalSection
EndGlobal
