
Microsoft Visual Studio Solution File, Format Version 12.00
# Blend for Visual Studio 15
VisualStudioVersion = 15.0.28010.2036
MinimumVisualStudioVersion = 10.0.40219.1
Project("{FAE04EC0-301F-11D3-BF4B-00C04F79EFBC}") = "WpfControlLibrary1", "WpfControlLibrary1\WpfControlLibrary1.csproj", "{040B27B1-7EA6-41CE-A0C3-836B79E46899}"
EndProject
Global
	GlobalSection(SolutionConfigurationPlatforms) = preSolution
		Debug|Any CPU = Debug|Any CPU
		Release|Any CPU = Release|Any CPU
	EndGlobalSection
	GlobalSection(ProjectConfigurationPlatforms) = postSolution
		{040B27B1-7EA6-41CE-A0C3-836B79E46899}.Debug|Any CPU.ActiveCfg = Debug|Any CPU
		{040B27B1-7EA6-41CE-A0C3-836B79E46899}.Debug|Any CPU.Build.0 = Debug|Any CPU
		{040B27B1-7EA6-41CE-A0C3-836B79E46899}.Release|Any CPU.ActiveCfg = Release|Any CPU
		{040B27B1-7EA6-41CE-A0C3-836B79E46899}.Release|Any CPU.Build.0 = Release|Any CPU
	EndGlobalSection
	GlobalSection(SolutionProperties) = preSolution
		HideSolutionNode = FALSE
	EndGlobalSection
	GlobalSection(ExtensibilityGlobals) = postSolution
		SolutionGuid = {A4490312-865A-43F6-88DE-7B9C367751AF}
	EndGlobalSection
EndGlobal
