
Microsoft Visual Studio Solution File, Format Version 12.00
# Visual Studio 15
VisualStudioVersion = 15.0.28010.2036
MinimumVisualStudioVersion = 10.0.40219.1
Project("{FAE04EC0-301F-11D3-BF4B-00C04F79EFBC}") = "2lab8", "2lab8\2lab8.csproj", "{2A0E69E0-F7A5-4C20-BFFC-9580583A7DA2}"
EndProject
Global
	GlobalSection(SolutionConfigurationPlatforms) = preSolution
		Debug|Any CPU = Debug|Any CPU
		Release|Any CPU = Release|Any CPU
	EndGlobalSection
	GlobalSection(ProjectConfigurationPlatforms) = postSolution
		{2A0E69E0-F7A5-4C20-BFFC-9580583A7DA2}.Debug|Any CPU.ActiveCfg = Debug|Any CPU
		{2A0E69E0-F7A5-4C20-BFFC-9580583A7DA2}.Debug|Any CPU.Build.0 = Debug|Any CPU
		{2A0E69E0-F7A5-4C20-BFFC-9580583A7DA2}.Release|Any CPU.ActiveCfg = Release|Any CPU
		{2A0E69E0-F7A5-4C20-BFFC-9580583A7DA2}.Release|Any CPU.Build.0 = Release|Any CPU
	EndGlobalSection
	GlobalSection(SolutionProperties) = preSolution
		HideSolutionNode = FALSE
	EndGlobalSection
	GlobalSection(ExtensibilityGlobals) = postSolution
		SolutionGuid = {A10C3D92-BC6B-46CF-BAA9-05E9AA849722}
	EndGlobalSection
EndGlobal
