
Microsoft Visual Studio Solution File, Format Version 12.00
# Visual Studio 15
VisualStudioVersion = 15.0.26730.15
MinimumVisualStudioVersion = 10.0.40219.1
Project("{8BC9CEB8-8B4A-11D0-8D11-00A0C91BC942}") = "laba12", "laba12\laba12.vcxproj", "{D55326A7-E604-4EF8-907B-7FB216FD94D1}"
EndProject
Global
	GlobalSection(SolutionConfigurationPlatforms) = preSolution
		Debug|x64 = Debug|x64
		Debug|x86 = Debug|x86
		Release|x64 = Release|x64
		Release|x86 = Release|x86
	EndGlobalSection
	GlobalSection(ProjectConfigurationPlatforms) = postSolution
		{D55326A7-E604-4EF8-907B-7FB216FD94D1}.Debug|x64.ActiveCfg = Debug|x64
		{D55326A7-E604-4EF8-907B-7FB216FD94D1}.Debug|x64.Build.0 = Debug|x64
		{D55326A7-E604-4EF8-907B-7FB216FD94D1}.Debug|x86.ActiveCfg = Debug|Win32
		{D55326A7-E604-4EF8-907B-7FB216FD94D1}.Debug|x86.Build.0 = Debug|Win32
		{D55326A7-E604-4EF8-907B-7FB216FD94D1}.Release|x64.ActiveCfg = Release|x64
		{D55326A7-E604-4EF8-907B-7FB216FD94D1}.Release|x64.Build.0 = Release|x64
		{D55326A7-E604-4EF8-907B-7FB216FD94D1}.Release|x86.ActiveCfg = Release|Win32
		{D55326A7-E604-4EF8-907B-7FB216FD94D1}.Release|x86.Build.0 = Release|Win32
	EndGlobalSection
	GlobalSection(SolutionProperties) = preSolution
		HideSolutionNode = FALSE
	EndGlobalSection
	GlobalSection(ExtensibilityGlobals) = postSolution
		SolutionGuid = {A960A4BD-0CB0-492F-BEB4-18C03DCFD10A}
	EndGlobalSection
EndGlobal
