
Microsoft Visual Studio Solution File, Format Version 12.00
# Visual Studio 15
VisualStudioVersion = 15.0.28010.2036
MinimumVisualStudioVersion = 10.0.40219.1
Project("{FAE04EC0-301F-11D3-BF4B-00C04F79EFBC}") = "2lab11", "2lab11\2lab11.csproj", "{8CD9F418-EAD3-43F5-8796-91375726803F}"
EndProject
Global
	GlobalSection(SolutionConfigurationPlatforms) = preSolution
		Debug|Any CPU = Debug|Any CPU
		Release|Any CPU = Release|Any CPU
	EndGlobalSection
	GlobalSection(ProjectConfigurationPlatforms) = postSolution
		{8CD9F418-EAD3-43F5-8796-91375726803F}.Debug|Any CPU.ActiveCfg = Debug|Any CPU
		{8CD9F418-EAD3-43F5-8796-91375726803F}.Debug|Any CPU.Build.0 = Debug|Any CPU
		{8CD9F418-EAD3-43F5-8796-91375726803F}.Release|Any CPU.ActiveCfg = Release|Any CPU
		{8CD9F418-EAD3-43F5-8796-91375726803F}.Release|Any CPU.Build.0 = Release|Any CPU
	EndGlobalSection
	GlobalSection(SolutionProperties) = preSolution
		HideSolutionNode = FALSE
	EndGlobalSection
	GlobalSection(ExtensibilityGlobals) = postSolution
		SolutionGuid = {58A8CD3C-7795-402E-912B-0AB1D6D9E85B}
	EndGlobalSection
EndGlobal
